
Microsoft Visual Studio Solution File, Format Version 12.00
# Visual Studio Version 16
VisualStudioVersion = 16.0.31911.196
MinimumVisualStudioVersion = 10.0.40219.1
Project("{54435603-DBB4-11D2-8724-00A0C9A8B90C}") = "HMI_25024_WEG_Installer", "HMI_24001_WEG_Installer\HMI_24001_WEG_Installer.vdproj", "{4D6F18D1-0E19-4DB4-8990-52E5D195DF91}"
EndProject
Project("{FAE04EC0-301F-11D3-BF4B-00C04F79EFBC}") = "HMI_25024WE", "HMI_25024WE.csproj", "{180C0B0F-84B9-4623-B7F2-0F1B9FA0E818}"
EndProject
Global
	GlobalSection(SolutionConfigurationPlatforms) = preSolution
		Debug|Any CPU = Debug|Any CPU
		Release|Any CPU = Release|Any CPU
	EndGlobalSection
	GlobalSection(ProjectConfigurationPlatforms) = postSolution
		{4D6F18D1-0E19-4DB4-8990-52E5D195DF91}.Debug|Any CPU.ActiveCfg = Debug
		{4D6F18D1-0E19-4DB4-8990-52E5D195DF91}.Debug|Any CPU.Build.0 = Debug
		{4D6F18D1-0E19-4DB4-8990-52E5D195DF91}.Release|Any CPU.ActiveCfg = Release
		{4D6F18D1-0E19-4DB4-8990-52E5D195DF91}.Release|Any CPU.Build.0 = Release
		{180C0B0F-84B9-4623-B7F2-0F1B9FA0E818}.Debug|Any CPU.ActiveCfg = Debug|Any CPU
		{180C0B0F-84B9-4623-B7F2-0F1B9FA0E818}.Debug|Any CPU.Build.0 = Debug|Any CPU
		{180C0B0F-84B9-4623-B7F2-0F1B9FA0E818}.Release|Any CPU.ActiveCfg = Release|Any CPU
		{180C0B0F-84B9-4623-B7F2-0F1B9FA0E818}.Release|Any CPU.Build.0 = Release|Any CPU
	EndGlobalSection
	GlobalSection(SolutionProperties) = preSolution
		HideSolutionNode = FALSE
	EndGlobalSection
	GlobalSection(ExtensibilityGlobals) = postSolution
		SolutionGuid = {1D3B6413-0525-434F-9F2C-8541D482161A}
	EndGlobalSection
EndGlobal
